// !$*UTF8*$!
{
	archiveVersion = 1;
	classes = {
	};
	objectVersion = 46;
	objects = {

/* Begin PBXBuildFile section */
		AB3D08281CA762C90074B7EE /* matrixmult.c in Sources */ = {isa = PBXBuildFile; fileRef = AB3D08271CA762C90074B7EE /* matrixmult.c */; };
		AB3D082F1CA767050074B7EE /* mpi_mat_vect_time.c in Sources */ = {isa = PBXBuildFile; fileRef = AB3D082E1CA767050074B7EE /* mpi_mat_vect_time.c */; };
		AB3D08311CA77C210074B7EE /* Makefile in Sources */ = {isa = PBXBuildFile; fileRef = AB3D08301CA77C200074B7EE /* Makefile */; };
/* End PBXBuildFile section */

/* Begin PBXCopyFilesBuildPhase section */
		AB3D08221CA762C90074B7EE /* CopyFiles */ = {
			isa = PBXCopyFilesBuildPhase;
			buildActionMask = 2147483647;
			dstPath = /usr/share/man/man1/;
			dstSubfolderSpec = 0;
			files = (
			);
			runOnlyForDeploymentPostprocessing = 1;
		};
/* End PBXCopyFilesBuildPhase section */

/* Begin PBXFileReference section */
		AB3D08241CA762C90074B7EE /* Matrix Multiplication */ = {isa = PBXFileReference; explicitFileType = "compiled.mach-o.executable"; includeInIndex = 0; path = "Matrix Multiplication"; sourceTree = BUILT_PRODUCTS_DIR; };
		AB3D08271CA762C90074B7EE /* matrixmult.c */ = {isa = PBXFileReference; lastKnownFileType = sourcecode.c.c; path = matrixmult.c; sourceTree = "<group>"; };
		AB3D082E1CA767050074B7EE /* mpi_mat_vect_time.c */ = {isa = PBXFileReference; fileEncoding = 4; lastKnownFileType = sourcecode.c.c; path = mpi_mat_vect_time.c; sourceTree = "<group>"; };
		AB3D08301CA77C200074B7EE /* Makefile */ = {isa = PBXFileReference; fileEncoding = 4; lastKnownFileType = sourcecode.make; path = Makefile; sourceTree = "<group>"; };
/* End PBXFileReference section */

/* Begin PBXFrameworksBuildPhase section */
		AB3D08211CA762C90074B7EE /* Frameworks */ = {
			isa = PBXFrameworksBuildPhase;
			buildActionMask = 2147483647;
			files = (
			);
			runOnlyForDeploymentPostprocessing = 0;
		};
/* End PBXFrameworksBuildPhase section */

/* Begin PBXGroup section */
		AB3D081B1CA762C90074B7EE = {
			isa = PBXGroup;
			children = (
				AB3D08261CA762C90074B7EE /* Matrix Multiplication */,
				AB3D08251CA762C90074B7EE /* Products */,
			);
			sourceTree = "<group>";
		};
		AB3D08251CA762C90074B7EE /* Products */ = {
			isa = PBXGroup;
			children = (
				AB3D08241CA762C90074B7EE /* Matrix Multiplication */,
			);
			name = Products;
			sourceTree = "<group>";
		};
		AB3D08261CA762C90074B7EE /* Matrix Multiplication */ = {
			isa = PBXGroup;
			children = (
				AB3D08271CA762C90074B7EE /* matrixmult.c */,
				AB3D082E1CA767050074B7EE /* mpi_mat_vect_time.c */,
				AB3D08301CA77C200074B7EE /* Makefile */,
			);
			path = "Matrix Multiplication";
			sourceTree = "<group>";
		};
/* End PBXGroup section */

/* Begin PBXNativeTarget section */
		AB3D08231CA762C90074B7EE /* Matrix Multiplication */ = {
			isa = PBXNativeTarget;
			buildConfigurationList = AB3D082B1CA762C90074B7EE /* Build configuration list for PBXNativeTarget "Matrix Multiplication" */;
			buildPhases = (
				AB3D08201CA762C90074B7EE /* Sources */,
				AB3D08211CA762C90074B7EE /* Frameworks */,
				AB3D08221CA762C90074B7EE /* CopyFiles */,
			);
			buildRules = (
			);
			dependencies = (
			);
			name = "Matrix Multiplication";
			productName = "Matrix Multiplication";
			productReference = AB3D08241CA762C90074B7EE /* Matrix Multiplication */;
			productType = "com.apple.product-type.tool";
		};
/* End PBXNativeTarget section */

/* Begin PBXProject section */
		AB3D081C1CA762C90074B7EE /* Project object */ = {
			isa = PBXProject;
			attributes = {
				LastUpgradeCheck = 0720;
				ORGANIZATIONNAME = "Kevin Perkins";
				TargetAttributes = {
					AB3D08231CA762C90074B7EE = {
						CreatedOnToolsVersion = 7.2.1;
					};
				};
			};
			buildConfigurationList = AB3D081F1CA762C90074B7EE /* Build configuration list for PBXProject "Matrix Multiplication" */;
			compatibilityVersion = "Xcode 3.2";
			developmentRegion = English;
			hasScannedForEncodings = 0;
			knownRegions = (
				en,
			);
			mainGroup = AB3D081B1CA762C90074B7EE;
			productRefGroup = AB3D08251CA762C90074B7EE /* Products */;
			projectDirPath = "";
			projectRoot = "";
			targets = (
				AB3D08231CA762C90074B7EE /* Matrix Multiplication */,
			);
		};
/* End PBXProject section */

/* Begin PBXSourcesBuildPhase section */
		AB3D08201CA762C90074B7EE /* Sources */ = {
			isa = PBXSourcesBuildPhase;
			buildActionMask = 2147483647;
			files = (
				AB3D08311CA77C210074B7EE /* Makefile in Sources */,
				AB3D082F1CA767050074B7EE /* mpi_mat_vect_time.c in Sources */,
				AB3D08281CA762C90074B7EE /* matrixmult.c in Sources */,
			);
			runOnlyForDeploymentPostprocessing = 0;
		};
/* End PBXSourcesBuildPhase section */

/* Begin XCBuildConfiguration section */
		AB3D08291CA762C90074B7EE /* Debug */ = {
			isa = XCBuildConfiguration;
			buildSettings = {
				ALWAYS_SEARCH_USER_PATHS = NO;
				CLANG_CXX_LANGUAGE_STANDARD = "gnu++0x";
				CLANG_CXX_LIBRARY = "libc++";
				CLANG_ENABLE_MODULES = YES;
				CLANG_ENABLE_OBJC_ARC = YES;
				CLANG_WARN_BOOL_CONVERSION = YES;
				CLANG_WARN_CONSTANT_CONVERSION = YES;
				CLANG_WARN_DIRECT_OBJC_ISA_USAGE = YES_ERROR;
				CLANG_WARN_EMPTY_BODY = YES;
				CLANG_WARN_ENUM_CONVERSION = YES;
				CLANG_WARN_INT_CONVERSION = YES;
				CLANG_WARN_OBJC_ROOT_CLASS = YES_ERROR;
				CLANG_WARN_UNREACHABLE_CODE = YES;
				CLANG_WARN__DUPLICATE_METHOD_MATCH = YES;
				CODE_SIGN_IDENTITY = "-";
				COPY_PHASE_STRIP = NO;
				DEBUG_INFORMATION_FORMAT = dwarf;
				ENABLE_STRICT_OBJC_MSGSEND = YES;
				ENABLE_TESTABILITY = YES;
				GCC_C_LANGUAGE_STANDARD = gnu99;
				GCC_DYNAMIC_NO_PIC = NO;
				GCC_NO_COMMON_BLOCKS = YES;
				GCC_OPTIMIZATION_LEVEL = 0;
				GCC_PREPROCESSOR_DEFINITIONS = (
					"DEBUG=1",
					"$(inherited)",
				);
				GCC_WARN_64_TO_32_BIT_CONVERSION = YES;
				GCC_WARN_ABOUT_RETURN_TYPE = YES_ERROR;
				GCC_WARN_UNDECLARED_SELECTOR = YES;
				GCC_WARN_UNINITIALIZED_AUTOS = YES_AGGRESSIVE;
				GCC_WARN_UNUSED_FUNCTION = YES;
				GCC_WARN_UNUSED_VARIABLE = YES;
				MACOSX_DEPLOYMENT_TARGET = 10.11;
				MTL_ENABLE_DEBUG_INFO = YES;
				ONLY_ACTIVE_ARCH = YES;
				SDKROOT = macosx;
			};
			name = Debug;
		};
		AB3D082A1CA762C90074B7EE /* Release */ = {
			isa = XCBuildConfiguration;
			buildSettings = {
				ALWAYS_SEARCH_USER_PATHS = NO;
				CLANG_CXX_LANGUAGE_STANDARD = "gnu++0x";
				CLANG_CXX_LIBRARY = "libc++";
				CLANG_ENABLE_MODULES = YES;
				CLANG_ENABLE_OBJC_ARC = YES;
				CLANG_WARN_BOOL_CONVERSION = YES;
				CLANG_WARN_CONSTANT_CONVERSION = YES;
				CLANG_WARN_DIRECT_OBJC_ISA_USAGE = YES_ERROR;
				CLANG_WARN_EMPTY_BODY = YES;
				CLANG_WARN_ENUM_CONVERSION = YES;
				CLANG_WARN_INT_CONVERSION = YES;
				CLANG_WARN_OBJC_ROOT_CLASS = YES_ERROR;
				CLANG_WARN_UNREACHABLE_CODE = YES;
				CLANG_WARN__DUPLICATE_METHOD_MATCH = YES;
				CODE_SIGN_IDENTITY = "-";
				COPY_PHASE_STRIP = NO;
				DEBUG_INFORMATION_FORMAT = "dwarf-with-dsym";
				ENABLE_NS_ASSERTIONS = NO;
				ENABLE_STRICT_OBJC_MSGSEND = YES;
				GCC_C_LANGUAGE_STANDARD = gnu99;
				GCC_NO_COMMON_BLOCKS = YES;
				GCC_WARN_64_TO_32_BIT_CONVERSION = YES;
				GCC_WARN_ABOUT_RETURN_TYPE = YES_ERROR;
				GCC_WARN_UNDECLARED_SELECTOR = YES;
				GCC_WARN_UNINITIALIZED_AUTOS = YES_AGGRESSIVE;
				GCC_WARN_UNUSED_FUNCTION = YES;
				GCC_WARN_UNUSED_VARIABLE = YES;
				MACOSX_DEPLOYMENT_TARGET = 10.11;
				MTL_ENABLE_DEBUG_INFO = NO;
				SDKROOT = macosx;
			};
			name = Release;
		};
		AB3D082C1CA762C90074B7EE /* Debug */ = {
			isa = XCBuildConfiguration;
			buildSettings = {
				PRODUCT_NAME = "$(TARGET_NAME)";
			};
			name = Debug;
		};
		AB3D082D1CA762C90074B7EE /* Release */ = {
			isa = XCBuildConfiguration;
			buildSettings = {
				PRODUCT_NAME = "$(TARGET_NAME)";
			};
			name = Release;
		};
/* End XCBuildConfiguration section */

/* Begin XCConfigurationList section */
		AB3D081F1CA762C90074B7EE /* Build configuration list for PBXProject "Matrix Multiplication" */ = {
			isa = XCConfigurationList;
			buildConfigurations = (
				AB3D08291CA762C90074B7EE /* Debug */,
				AB3D082A1CA762C90074B7EE /* Release */,
			);
			defaultConfigurationIsVisible = 0;
			defaultConfigurationName = Release;
		};
		AB3D082B1CA762C90074B7EE /* Build configuration list for PBXNativeTarget "Matrix Multiplication" */ = {
			isa = XCConfigurationList;
			buildConfigurations = (
				AB3D082C1CA762C90074B7EE /* Debug */,
				AB3D082D1CA762C90074B7EE /* Release */,
			);
			defaultConfigurationIsVisible = 0;
		};
/* End XCConfigurationList section */
	};
	rootObject = AB3D081C1CA762C90074B7EE /* Project object */;
}
